// !$*UTF8*$!
{
	archiveVersion = 1;
	classes = {
	};
	objectVersion = 50;
	objects = {

/* Begin PBXBuildFile section */
		DD4F216E24531BC500BB0CCD /* AppDelegate.swift in Sources */ = {isa = PBXBuildFile; fileRef = DD4F216D24531BC500BB0CCD /* AppDelegate.swift */; };
		DD4F217024531BC500BB0CCD /* SceneDelegate.swift in Sources */ = {isa = PBXBuildFile; fileRef = DD4F216F24531BC500BB0CCD /* SceneDelegate.swift */; };
		DD4F217224531BC500BB0CCD /* ViewController.swift in Sources */ = {isa = PBXBuildFile; fileRef = DD4F217124531BC500BB0CCD /* ViewController.swift */; };
		DD4F217524531BC500BB0CCD /* Main.storyboard in Resources */ = {isa = PBXBuildFile; fileRef = DD4F217324531BC500BB0CCD /* Main.storyboard */; };
		DD4F217724531BC700BB0CCD /* Assets.xcassets in Resources */ = {isa = PBXBuildFile; fileRef = DD4F217624531BC700BB0CCD /* Assets.xcassets */; };
		DD4F217A24531BC700BB0CCD /* LaunchScreen.storyboard in Resources */ = {isa = PBXBuildFile; fileRef = DD4F217824531BC700BB0CCD /* LaunchScreen.storyboard */; };
		DD4F218624531C4700BB0CCD /* Client.swift in Sources */ = {isa = PBXBuildFile; fileRef = DD4F218524531C4700BB0CCD /* Client.swift */; };
		DD4F218924531C7700BB0CCD /* FlickrClient.swift in Sources */ = {isa = PBXBuildFile; fileRef = DD4F218824531C7700BB0CCD /* FlickrClient.swift */; };
		DD4F218C24532A4900BB0CCD /* ErrorResponse.swift in Sources */ = {isa = PBXBuildFile; fileRef = DD4F218B24532A4900BB0CCD /* ErrorResponse.swift */; };
		DD4F218E24532C4E00BB0CCD /* SearchPhotosResponse.swift in Sources */ = {isa = PBXBuildFile; fileRef = DD4F218D24532C4E00BB0CCD /* SearchPhotosResponse.swift */; };
		DD4F21922453308100BB0CCD /* VirtualTourist.xcdatamodeld in Sources */ = {isa = PBXBuildFile; fileRef = DD4F21902453308100BB0CCD /* VirtualTourist.xcdatamodeld */; };
/* End PBXBuildFile section */

/* Begin PBXFileReference section */
		DD4F216A24531BC500BB0CCD /* VirtualTourist.app */ = {isa = PBXFileReference; explicitFileType = wrapper.application; includeInIndex = 0; path = VirtualTourist.app; sourceTree = BUILT_PRODUCTS_DIR; };
		DD4F216D24531BC500BB0CCD /* AppDelegate.swift */ = {isa = PBXFileReference; lastKnownFileType = sourcecode.swift; path = AppDelegate.swift; sourceTree = "<group>"; };
		DD4F216F24531BC500BB0CCD /* SceneDelegate.swift */ = {isa = PBXFileReference; lastKnownFileType = sourcecode.swift; path = SceneDelegate.swift; sourceTree = "<group>"; };
		DD4F217124531BC500BB0CCD /* ViewController.swift */ = {isa = PBXFileReference; lastKnownFileType = sourcecode.swift; path = ViewController.swift; sourceTree = "<group>"; };
		DD4F217424531BC500BB0CCD /* Base */ = {isa = PBXFileReference; lastKnownFileType = file.storyboard; name = Base; path = Base.lproj/Main.storyboard; sourceTree = "<group>"; };
		DD4F217624531BC700BB0CCD /* Assets.xcassets */ = {isa = PBXFileReference; lastKnownFileType = folder.assetcatalog; path = Assets.xcassets; sourceTree = "<group>"; };
		DD4F217924531BC700BB0CCD /* Base */ = {isa = PBXFileReference; lastKnownFileType = file.storyboard; name = Base; path = Base.lproj/LaunchScreen.storyboard; sourceTree = "<group>"; };
		DD4F217B24531BC700BB0CCD /* Info.plist */ = {isa = PBXFileReference; lastKnownFileType = text.plist.xml; path = Info.plist; sourceTree = "<group>"; };
		DD4F218524531C4700BB0CCD /* Client.swift */ = {isa = PBXFileReference; fileEncoding = 4; lastKnownFileType = sourcecode.swift; path = Client.swift; sourceTree = "<group>"; };
		DD4F218824531C7700BB0CCD /* FlickrClient.swift */ = {isa = PBXFileReference; lastKnownFileType = sourcecode.swift; path = FlickrClient.swift; sourceTree = "<group>"; };
		DD4F218B24532A4900BB0CCD /* ErrorResponse.swift */ = {isa = PBXFileReference; lastKnownFileType = sourcecode.swift; path = ErrorResponse.swift; sourceTree = "<group>"; };
		DD4F218D24532C4E00BB0CCD /* SearchPhotosResponse.swift */ = {isa = PBXFileReference; lastKnownFileType = sourcecode.swift; path = SearchPhotosResponse.swift; sourceTree = "<group>"; };
		DD4F21912453308100BB0CCD /* VirtualTourist.xcdatamodel */ = {isa = PBXFileReference; lastKnownFileType = wrapper.xcdatamodel; path = VirtualTourist.xcdatamodel; sourceTree = "<group>"; };
/* End PBXFileReference section */

/* Begin PBXFrameworksBuildPhase section */
		DD4F216724531BC500BB0CCD /* Frameworks */ = {
			isa = PBXFrameworksBuildPhase;
			buildActionMask = 2147483647;
			files = (
			);
			runOnlyForDeploymentPostprocessing = 0;
		};
/* End PBXFrameworksBuildPhase section */

/* Begin PBXGroup section */
		DD4F216124531BC500BB0CCD = {
			isa = PBXGroup;
			children = (
				DD4F216C24531BC500BB0CCD /* VirtualTourist */,
				DD4F216B24531BC500BB0CCD /* Products */,
			);
			sourceTree = "<group>";
		};
		DD4F216B24531BC500BB0CCD /* Products */ = {
			isa = PBXGroup;
			children = (
				DD4F216A24531BC500BB0CCD /* VirtualTourist.app */,
			);
			name = Products;
			sourceTree = "<group>";
		};
		DD4F216C24531BC500BB0CCD /* VirtualTourist */ = {
			isa = PBXGroup;
			children = (
				DD4F218324531BE800BB0CCD /* View */,
				DD4F218224531BDC00BB0CCD /* Controller */,
				DD4F218124531BD300BB0CCD /* Model */,
				DD4F217B24531BC700BB0CCD /* Info.plist */,
			);
			path = VirtualTourist;
			sourceTree = "<group>";
		};
		DD4F218124531BD300BB0CCD /* Model */ = {
			isa = PBXGroup;
			children = (
				DD4F218F2453306000BB0CCD /* CoreData */,
				DD4F218424531C1F00BB0CCD /* Flickr */,
			);
			path = Model;
			sourceTree = "<group>";
		};
		DD4F218224531BDC00BB0CCD /* Controller */ = {
			isa = PBXGroup;
			children = (
				DD4F216D24531BC500BB0CCD /* AppDelegate.swift */,
				DD4F216F24531BC500BB0CCD /* SceneDelegate.swift */,
				DD4F217124531BC500BB0CCD /* ViewController.swift */,
			);
			path = Controller;
			sourceTree = "<group>";
		};
		DD4F218324531BE800BB0CCD /* View */ = {
			isa = PBXGroup;
			children = (
				DD4F217324531BC500BB0CCD /* Main.storyboard */,
				DD4F217624531BC700BB0CCD /* Assets.xcassets */,
				DD4F217824531BC700BB0CCD /* LaunchScreen.storyboard */,
			);
			path = View;
			sourceTree = "<group>";
		};
		DD4F218424531C1F00BB0CCD /* Flickr */ = {
			isa = PBXGroup;
			children = (
				DD4F218724531C6800BB0CCD /* Client */,
				DD4F218A24532A3B00BB0CCD /* Responses */,
				DD4F218524531C4700BB0CCD /* Client.swift */,
			);
			path = Flickr;
			sourceTree = "<group>";
		};
		DD4F218724531C6800BB0CCD /* Client */ = {
			isa = PBXGroup;
			children = (
				DD4F218824531C7700BB0CCD /* FlickrClient.swift */,
			);
			path = Client;
			sourceTree = "<group>";
		};
		DD4F218A24532A3B00BB0CCD /* Responses */ = {
			isa = PBXGroup;
			children = (
				DD4F218B24532A4900BB0CCD /* ErrorResponse.swift */,
				DD4F218D24532C4E00BB0CCD /* SearchPhotosResponse.swift */,
			);
			path = Responses;
			sourceTree = "<group>";
		};
		DD4F218F2453306000BB0CCD /* CoreData */ = {
			isa = PBXGroup;
			children = (
				DD4F21902453308100BB0CCD /* VirtualTourist.xcdatamodeld */,
			);
			path = CoreData;
			sourceTree = "<group>";
		};
/* End PBXGroup section */

/* Begin PBXNativeTarget section */
		DD4F216924531BC500BB0CCD /* VirtualTourist */ = {
			isa = PBXNativeTarget;
			buildConfigurationList = DD4F217E24531BC700BB0CCD /* Build configuration list for PBXNativeTarget "VirtualTourist" */;
			buildPhases = (
				DD4F216624531BC500BB0CCD /* Sources */,
				DD4F216724531BC500BB0CCD /* Frameworks */,
				DD4F216824531BC500BB0CCD /* Resources */,
			);
			buildRules = (
			);
			dependencies = (
			);
			name = VirtualTourist;
			productName = VirtualTourist;
			productReference = DD4F216A24531BC500BB0CCD /* VirtualTourist.app */;
			productType = "com.apple.product-type.application";
		};
/* End PBXNativeTarget section */

/* Begin PBXProject section */
		DD4F216224531BC500BB0CCD /* Project object */ = {
			isa = PBXProject;
			attributes = {
				LastSwiftUpdateCheck = 1130;
				LastUpgradeCheck = 1130;
				ORGANIZATIONNAME = "Bright Creations";
				TargetAttributes = {
					DD4F216924531BC500BB0CCD = {
						CreatedOnToolsVersion = 11.3.1;
					};
				};
			};
			buildConfigurationList = DD4F216524531BC500BB0CCD /* Build configuration list for PBXProject "VirtualTourist" */;
			compatibilityVersion = "Xcode 9.3";
			developmentRegion = en;
			hasScannedForEncodings = 0;
			knownRegions = (
				en,
				Base,
			);
			mainGroup = DD4F216124531BC500BB0CCD;
			productRefGroup = DD4F216B24531BC500BB0CCD /* Products */;
			projectDirPath = "";
			projectRoot = "";
			targets = (
				DD4F216924531BC500BB0CCD /* VirtualTourist */,
			);
		};
/* End PBXProject section */

/* Begin PBXResourcesBuildPhase section */
		DD4F216824531BC500BB0CCD /* Resources */ = {
			isa = PBXResourcesBuildPhase;
			buildActionMask = 2147483647;
			files = (
				DD4F217A24531BC700BB0CCD /* LaunchScreen.storyboard in Resources */,
				DD4F217724531BC700BB0CCD /* Assets.xcassets in Resources */,
				DD4F217524531BC500BB0CCD /* Main.storyboard in Resources */,
			);
			runOnlyForDeploymentPostprocessing = 0;
		};
/* End PBXResourcesBuildPhase section */

/* Begin PBXSourcesBuildPhase section */
		DD4F216624531BC500BB0CCD /* Sources */ = {
			isa = PBXSourcesBuildPhase;
			buildActionMask = 2147483647;
			files = (
				DD4F217224531BC500BB0CCD /* ViewController.swift in Sources */,
				DD4F218924531C7700BB0CCD /* FlickrClient.swift in Sources */,
				DD4F216E24531BC500BB0CCD /* AppDelegate.swift in Sources */,
				DD4F218C24532A4900BB0CCD /* ErrorResponse.swift in Sources */,
				DD4F21922453308100BB0CCD /* VirtualTourist.xcdatamodeld in Sources */,
				DD4F218E24532C4E00BB0CCD /* SearchPhotosResponse.swift in Sources */,
				DD4F218624531C4700BB0CCD /* Client.swift in Sources */,
				DD4F217024531BC500BB0CCD /* SceneDelegate.swift in Sources */,
			);
			runOnlyForDeploymentPostprocessing = 0;
		};
/* End PBXSourcesBuildPhase section */

/* Begin PBXVariantGroup section */
		DD4F217324531BC500BB0CCD /* Main.storyboard */ = {
			isa = PBXVariantGroup;
			children = (
				DD4F217424531BC500BB0CCD /* Base */,
			);
			name = Main.storyboard;
			sourceTree = "<group>";
		};
		DD4F217824531BC700BB0CCD /* LaunchScreen.storyboard */ = {
			isa = PBXVariantGroup;
			children = (
				DD4F217924531BC700BB0CCD /* Base */,
			);
			name = LaunchScreen.storyboard;
			sourceTree = "<group>";
		};
/* End PBXVariantGroup section */

/* Begin XCBuildConfiguration section */
		DD4F217C24531BC700BB0CCD /* Debug */ = {
			isa = XCBuildConfiguration;
			buildSettings = {
				ALWAYS_SEARCH_USER_PATHS = NO;
				CLANG_ANALYZER_NONNULL = YES;
				CLANG_ANALYZER_NUMBER_OBJECT_CONVERSION = YES_AGGRESSIVE;
				CLANG_CXX_LANGUAGE_STANDARD = "gnu++14";
				CLANG_CXX_LIBRARY = "libc++";
				CLANG_ENABLE_MODULES = YES;
				CLANG_ENABLE_OBJC_ARC = YES;
				CLANG_ENABLE_OBJC_WEAK = YES;
				CLANG_WARN_BLOCK_CAPTURE_AUTORELEASING = YES;
				CLANG_WARN_BOOL_CONVERSION = YES;
				CLANG_WARN_COMMA = YES;
				CLANG_WARN_CONSTANT_CONVERSION = YES;
				CLANG_WARN_DEPRECATED_OBJC_IMPLEMENTATIONS = YES;
				CLANG_WARN_DIRECT_OBJC_ISA_USAGE = YES_ERROR;
				CLANG_WARN_DOCUMENTATION_COMMENTS = YES;
				CLANG_WARN_EMPTY_BODY = YES;
				CLANG_WARN_ENUM_CONVERSION = YES;
				CLANG_WARN_INFINITE_RECURSION = YES;
				CLANG_WARN_INT_CONVERSION = YES;
				CLANG_WARN_NON_LITERAL_NULL_CONVERSION = YES;
				CLANG_WARN_OBJC_IMPLICIT_RETAIN_SELF = YES;
				CLANG_WARN_OBJC_LITERAL_CONVERSION = YES;
				CLANG_WARN_OBJC_ROOT_CLASS = YES_ERROR;
				CLANG_WARN_RANGE_LOOP_ANALYSIS = YES;
				CLANG_WARN_STRICT_PROTOTYPES = YES;
				CLANG_WARN_SUSPICIOUS_MOVE = YES;
				CLANG_WARN_UNGUARDED_AVAILABILITY = YES_AGGRESSIVE;
				CLANG_WARN_UNREACHABLE_CODE = YES;
				CLANG_WARN__DUPLICATE_METHOD_MATCH = YES;
				COPY_PHASE_STRIP = NO;
				DEBUG_INFORMATION_FORMAT = dwarf;
				ENABLE_STRICT_OBJC_MSGSEND = YES;
				ENABLE_TESTABILITY = YES;
				GCC_C_LANGUAGE_STANDARD = gnu11;
				GCC_DYNAMIC_NO_PIC = NO;
				GCC_NO_COMMON_BLOCKS = YES;
				GCC_OPTIMIZATION_LEVEL = 0;
				GCC_PREPROCESSOR_DEFINITIONS = (
					"DEBUG=1",
					"$(inherited)",
				);
				GCC_WARN_64_TO_32_BIT_CONVERSION = YES;
				GCC_WARN_ABOUT_RETURN_TYPE = YES_ERROR;
				GCC_WARN_UNDECLARED_SELECTOR = YES;
				GCC_WARN_UNINITIALIZED_AUTOS = YES_AGGRESSIVE;
				GCC_WARN_UNUSED_FUNCTION = YES;
				GCC_WARN_UNUSED_VARIABLE = YES;
				IPHONEOS_DEPLOYMENT_TARGET = 13.2;
				MTL_ENABLE_DEBUG_INFO = INCLUDE_SOURCE;
				MTL_FAST_MATH = YES;
				ONLY_ACTIVE_ARCH = YES;
				SDKROOT = iphoneos;
				SWIFT_ACTIVE_COMPILATION_CONDITIONS = DEBUG;
				SWIFT_OPTIMIZATION_LEVEL = "-Onone";
			};
			name = Debug;
		};
		DD4F217D24531BC700BB0CCD /* Release */ = {
			isa = XCBuildConfiguration;
			buildSettings = {
				ALWAYS_SEARCH_USER_PATHS = NO;
				CLANG_ANALYZER_NONNULL = YES;
				CLANG_ANALYZER_NUMBER_OBJECT_CONVERSION = YES_AGGRESSIVE;
				CLANG_CXX_LANGUAGE_STANDARD = "gnu++14";
				CLANG_CXX_LIBRARY = "libc++";
				CLANG_ENABLE_MODULES = YES;
				CLANG_ENABLE_OBJC_ARC = YES;
				CLANG_ENABLE_OBJC_WEAK = YES;
				CLANG_WARN_BLOCK_CAPTURE_AUTORELEASING = YES;
				CLANG_WARN_BOOL_CONVERSION = YES;
				CLANG_WARN_COMMA = YES;
				CLANG_WARN_CONSTANT_CONVERSION = YES;
				CLANG_WARN_DEPRECATED_OBJC_IMPLEMENTATIONS = YES;
				CLANG_WARN_DIRECT_OBJC_ISA_USAGE = YES_ERROR;
				CLANG_WARN_DOCUMENTATION_COMMENTS = YES;
				CLANG_WARN_EMPTY_BODY = YES;
				CLANG_WARN_ENUM_CONVERSION = YES;
				CLANG_WARN_INFINITE_RECURSION = YES;
				CLANG_WARN_INT_CONVERSION = YES;
				CLANG_WARN_NON_LITERAL_NULL_CONVERSION = YES;
				CLANG_WARN_OBJC_IMPLICIT_RETAIN_SELF = YES;
				CLANG_WARN_OBJC_LITERAL_CONVERSION = YES;
				CLANG_WARN_OBJC_ROOT_CLASS = YES_ERROR;
				CLANG_WARN_RANGE_LOOP_ANALYSIS = YES;
				CLANG_WARN_STRICT_PROTOTYPES = YES;
				CLANG_WARN_SUSPICIOUS_MOVE = YES;
				CLANG_WARN_UNGUARDED_AVAILABILITY = YES_AGGRESSIVE;
				CLANG_WARN_UNREACHABLE_CODE = YES;
				CLANG_WARN__DUPLICATE_METHOD_MATCH = YES;
				COPY_PHASE_STRIP = NO;
				DEBUG_INFORMATION_FORMAT = "dwarf-with-dsym";
				ENABLE_NS_ASSERTIONS = NO;
				ENABLE_STRICT_OBJC_MSGSEND = YES;
				GCC_C_LANGUAGE_STANDARD = gnu11;
				GCC_NO_COMMON_BLOCKS = YES;
				GCC_WARN_64_TO_32_BIT_CONVERSION = YES;
				GCC_WARN_ABOUT_RETURN_TYPE = YES_ERROR;
				GCC_WARN_UNDECLARED_SELECTOR = YES;
				GCC_WARN_UNINITIALIZED_AUTOS = YES_AGGRESSIVE;
				GCC_WARN_UNUSED_FUNCTION = YES;
				GCC_WARN_UNUSED_VARIABLE = YES;
				IPHONEOS_DEPLOYMENT_TARGET = 13.2;
				MTL_ENABLE_DEBUG_INFO = NO;
				MTL_FAST_MATH = YES;
				SDKROOT = iphoneos;
				SWIFT_COMPILATION_MODE = wholemodule;
				SWIFT_OPTIMIZATION_LEVEL = "-O";
				VALIDATE_PRODUCT = YES;
			};
			name = Release;
		};
		DD4F217F24531BC700BB0CCD /* Debug */ = {
			isa = XCBuildConfiguration;
			buildSettings = {
				ASSETCATALOG_COMPILER_APPICON_NAME = AppIcon;
				CODE_SIGN_STYLE = Automatic;
				INFOPLIST_FILE = VirtualTourist/Info.plist;
				LD_RUNPATH_SEARCH_PATHS = (
					"$(inherited)",
					"@executable_path/Frameworks",
				);
				PRODUCT_BUNDLE_IDENTIFIER = com.brightcreations.VirtualTourist;
				PRODUCT_NAME = "$(TARGET_NAME)";
				SWIFT_VERSION = 5.0;
				TARGETED_DEVICE_FAMILY = "1,2";
			};
			name = Debug;
		};
		DD4F218024531BC700BB0CCD /* Release */ = {
			isa = XCBuildConfiguration;
			buildSettings = {
				ASSETCATALOG_COMPILER_APPICON_NAME = AppIcon;
				CODE_SIGN_STYLE = Automatic;
				INFOPLIST_FILE = VirtualTourist/Info.plist;
				LD_RUNPATH_SEARCH_PATHS = (
					"$(inherited)",
					"@executable_path/Frameworks",
				);
				PRODUCT_BUNDLE_IDENTIFIER = com.brightcreations.VirtualTourist;
				PRODUCT_NAME = "$(TARGET_NAME)";
				SWIFT_VERSION = 5.0;
				TARGETED_DEVICE_FAMILY = "1,2";
			};
			name = Release;
		};
/* End XCBuildConfiguration section */

/* Begin XCConfigurationList section */
		DD4F216524531BC500BB0CCD /* Build configuration list for PBXProject "VirtualTourist" */ = {
			isa = XCConfigurationList;
			buildConfigurations = (
				DD4F217C24531BC700BB0CCD /* Debug */,
				DD4F217D24531BC700BB0CCD /* Release */,
			);
			defaultConfigurationIsVisible = 0;
			defaultConfigurationName = Release;
		};
		DD4F217E24531BC700BB0CCD /* Build configuration list for PBXNativeTarget "VirtualTourist" */ = {
			isa = XCConfigurationList;
			buildConfigurations = (
				DD4F217F24531BC700BB0CCD /* Debug */,
				DD4F218024531BC700BB0CCD /* Release */,
			);
			defaultConfigurationIsVisible = 0;
			defaultConfigurationName = Release;
		};
/* End XCConfigurationList section */

/* Begin XCVersionGroup section */
		DD4F21902453308100BB0CCD /* VirtualTourist.xcdatamodeld */ = {
			isa = XCVersionGroup;
			children = (
				DD4F21912453308100BB0CCD /* VirtualTourist.xcdatamodel */,
			);
			currentVersion = DD4F21912453308100BB0CCD /* VirtualTourist.xcdatamodel */;
			path = VirtualTourist.xcdatamodeld;
			sourceTree = "<group>";
			versionGroupType = wrapper.xcdatamodel;
		};
/* End XCVersionGroup section */
	};
	rootObject = DD4F216224531BC500BB0CCD /* Project object */;
}
